
Microsoft Visual Studio Solution File, Format Version 12.00
# Visual Studio Version 17
VisualStudioVersion = 17.4.33213.308
MinimumVisualStudioVersion = 10.0.40219.1
Project("{2150E333-8FDC-42A3-9474-1A3956D46DE8}") = "src", "src", "{7A8FB3E2-6EA1-409D-9203-759B8DF8DE04}"
EndProject
Project("{2150E333-8FDC-42A3-9474-1A3956D46DE8}") = "Api", "Api", "{ADA1154B-EB97-416C-83D9-311DCD930878}"
EndProject
Project("{2150E333-8FDC-42A3-9474-1A3956D46DE8}") = "Clients", "Clients", "{A3B3ECE4-1460-492F-A1DC-12743620E994}"
EndProject
Project("{2150E333-8FDC-42A3-9474-1A3956D46DE8}") = "Common", "Common", "{AD7BC4B2-44F3-44F5-B905-EEC26DBD486D}"
EndProject
Project("{2150E333-8FDC-42A3-9474-1A3956D46DE8}") = "Projections", "Projections", "{D3A9B0F7-EDA1-418F-8102-BEA37CCF886C}"
EndProject
Project("{2150E333-8FDC-42A3-9474-1A3956D46DE8}") = "Core", "Core", "{9CFEFF7F-9296-47A4-870F-5C9BCCF6F404}"
EndProject
Project("{2150E333-8FDC-42A3-9474-1A3956D46DE8}") = "Infrastructure", "Infrastructure", "{7F505429-6DF4-491C-9D6F-D13B21DA2FB5}"
EndProject
Project("{2150E333-8FDC-42A3-9474-1A3956D46DE8}") = "WebApi", "WebApi", "{8618ECF0-F6C3-4DE7-963D-571E70FFCC30}"
EndProject
Project("{2150E333-8FDC-42A3-9474-1A3956D46DE8}") = "BlazorWeb", "BlazorWeb", "{62099F32-5180-493B-B2FC-7A7EB444352C}"
EndProject
Project("{9A19103F-16F7-4668-BE54-9A1E7A4F7556}") = "Onion.Common", "src\Common\Onion.Common\Onion.Common.csproj", "{64055A53-5A80-4F60-8BE9-691E0D022CD2}"
EndProject
Project("{9A19103F-16F7-4668-BE54-9A1E7A4F7556}") = "Onion.Api.Application", "src\Api\Core\Onion.Api.Application\Onion.Api.Application.csproj", "{73916381-D31A-4578-B452-10ABAE31AC0E}"
EndProject
Project("{9A19103F-16F7-4668-BE54-9A1E7A4F7556}") = "Onion.Api.Domain", "src\Api\Core\Onion.Api.Domain\Onion.Api.Domain.csproj", "{2A42D761-8593-40B0-B759-3347BF5E8978}"
EndProject
Project("{9A19103F-16F7-4668-BE54-9A1E7A4F7556}") = "Onion.Infrastructure.Persistence", "src\Api\Infrastructure\Onion.Infrastructure.Persistence\Onion.Infrastructure.Persistence.csproj", "{3BC710B5-1519-4251-A583-03B6B8E56A95}"
EndProject
Project("{9A19103F-16F7-4668-BE54-9A1E7A4F7556}") = "Onion.Api.WebApi", "src\Api\WebApi\Onion.Api.WebApi\Onion.Api.WebApi.csproj", "{785E06D9-49C0-43A2-B107-57C006305308}"
EndProject
Project("{9A19103F-16F7-4668-BE54-9A1E7A4F7556}") = "Onion.Projections.FavoriteService", "src\Projections\Onion.Projections.FavoriteService\Onion.Projections.FavoriteService.csproj", "{0D8A7369-1C81-45C4-83E3-B1FD29A40C07}"
EndProject
Project("{9A19103F-16F7-4668-BE54-9A1E7A4F7556}") = "Onion.Projections.User", "src\Projections\Onion.Projections.User\Onion.Projections.User.csproj", "{C6AFC7BC-98C5-4DE6-93A6-7469CC8D82AB}"
EndProject
Project("{9A19103F-16F7-4668-BE54-9A1E7A4F7556}") = "Onion.Projections.VoteService", "src\Projections\Onion.Projections.VoteService\Onion.Projections.VoteService.csproj", "{20107630-DCB5-48C9-8A9E-344AF7CAA109}"
EndProject
Project("{9A19103F-16F7-4668-BE54-9A1E7A4F7556}") = "Onion.WebApp", "src\Clients\BlazorWeb\Onion.WebApp\Onion.WebApp.csproj", "{AAE95CAF-F94B-4FBD-B8F2-0875FDEDF07D}"
EndProject
Global
	GlobalSection(SolutionConfigurationPlatforms) = preSolution
		Debug|Any CPU = Debug|Any CPU
		Release|Any CPU = Release|Any CPU
	EndGlobalSection
	GlobalSection(ProjectConfigurationPlatforms) = postSolution
		{64055A53-5A80-4F60-8BE9-691E0D022CD2}.Debug|Any CPU.ActiveCfg = Debug|Any CPU
		{64055A53-5A80-4F60-8BE9-691E0D022CD2}.Debug|Any CPU.Build.0 = Debug|Any CPU
		{64055A53-5A80-4F60-8BE9-691E0D022CD2}.Release|Any CPU.ActiveCfg = Release|Any CPU
		{64055A53-5A80-4F60-8BE9-691E0D022CD2}.Release|Any CPU.Build.0 = Release|Any CPU
		{73916381-D31A-4578-B452-10ABAE31AC0E}.Debug|Any CPU.ActiveCfg = Debug|Any CPU
		{73916381-D31A-4578-B452-10ABAE31AC0E}.Debug|Any CPU.Build.0 = Debug|Any CPU
		{73916381-D31A-4578-B452-10ABAE31AC0E}.Release|Any CPU.ActiveCfg = Release|Any CPU
		{73916381-D31A-4578-B452-10ABAE31AC0E}.Release|Any CPU.Build.0 = Release|Any CPU
		{2A42D761-8593-40B0-B759-3347BF5E8978}.Debug|Any CPU.ActiveCfg = Debug|Any CPU
		{2A42D761-8593-40B0-B759-3347BF5E8978}.Debug|Any CPU.Build.0 = Debug|Any CPU
		{2A42D761-8593-40B0-B759-3347BF5E8978}.Release|Any CPU.ActiveCfg = Release|Any CPU
		{2A42D761-8593-40B0-B759-3347BF5E8978}.Release|Any CPU.Build.0 = Release|Any CPU
		{3BC710B5-1519-4251-A583-03B6B8E56A95}.Debug|Any CPU.ActiveCfg = Debug|Any CPU
		{3BC710B5-1519-4251-A583-03B6B8E56A95}.Debug|Any CPU.Build.0 = Debug|Any CPU
		{3BC710B5-1519-4251-A583-03B6B8E56A95}.Release|Any CPU.ActiveCfg = Release|Any CPU
		{3BC710B5-1519-4251-A583-03B6B8E56A95}.Release|Any CPU.Build.0 = Release|Any CPU
		{785E06D9-49C0-43A2-B107-57C006305308}.Debug|Any CPU.ActiveCfg = Debug|Any CPU
		{785E06D9-49C0-43A2-B107-57C006305308}.Debug|Any CPU.Build.0 = Debug|Any CPU
		{785E06D9-49C0-43A2-B107-57C006305308}.Release|Any CPU.ActiveCfg = Release|Any CPU
		{785E06D9-49C0-43A2-B107-57C006305308}.Release|Any CPU.Build.0 = Release|Any CPU
		{0D8A7369-1C81-45C4-83E3-B1FD29A40C07}.Debug|Any CPU.ActiveCfg = Debug|Any CPU
		{0D8A7369-1C81-45C4-83E3-B1FD29A40C07}.Debug|Any CPU.Build.0 = Debug|Any CPU
		{0D8A7369-1C81-45C4-83E3-B1FD29A40C07}.Release|Any CPU.ActiveCfg = Release|Any CPU
		{0D8A7369-1C81-45C4-83E3-B1FD29A40C07}.Release|Any CPU.Build.0 = Release|Any CPU
		{C6AFC7BC-98C5-4DE6-93A6-7469CC8D82AB}.Debug|Any CPU.ActiveCfg = Debug|Any CPU
		{C6AFC7BC-98C5-4DE6-93A6-7469CC8D82AB}.Debug|Any CPU.Build.0 = Debug|Any CPU
		{C6AFC7BC-98C5-4DE6-93A6-7469CC8D82AB}.Release|Any CPU.ActiveCfg = Release|Any CPU
		{C6AFC7BC-98C5-4DE6-93A6-7469CC8D82AB}.Release|Any CPU.Build.0 = Release|Any CPU
		{20107630-DCB5-48C9-8A9E-344AF7CAA109}.Debug|Any CPU.ActiveCfg = Debug|Any CPU
		{20107630-DCB5-48C9-8A9E-344AF7CAA109}.Debug|Any CPU.Build.0 = Debug|Any CPU
		{20107630-DCB5-48C9-8A9E-344AF7CAA109}.Release|Any CPU.ActiveCfg = Release|Any CPU
		{20107630-DCB5-48C9-8A9E-344AF7CAA109}.Release|Any CPU.Build.0 = Release|Any CPU
		{AAE95CAF-F94B-4FBD-B8F2-0875FDEDF07D}.Debug|Any CPU.ActiveCfg = Debug|Any CPU
		{AAE95CAF-F94B-4FBD-B8F2-0875FDEDF07D}.Debug|Any CPU.Build.0 = Debug|Any CPU
		{AAE95CAF-F94B-4FBD-B8F2-0875FDEDF07D}.Release|Any CPU.ActiveCfg = Release|Any CPU
		{AAE95CAF-F94B-4FBD-B8F2-0875FDEDF07D}.Release|Any CPU.Build.0 = Release|Any CPU
	EndGlobalSection
	GlobalSection(SolutionProperties) = preSolution
		HideSolutionNode = FALSE
	EndGlobalSection
	GlobalSection(NestedProjects) = preSolution
		{ADA1154B-EB97-416C-83D9-311DCD930878} = {7A8FB3E2-6EA1-409D-9203-759B8DF8DE04}
		{A3B3ECE4-1460-492F-A1DC-12743620E994} = {7A8FB3E2-6EA1-409D-9203-759B8DF8DE04}
		{AD7BC4B2-44F3-44F5-B905-EEC26DBD486D} = {7A8FB3E2-6EA1-409D-9203-759B8DF8DE04}
		{D3A9B0F7-EDA1-418F-8102-BEA37CCF886C} = {7A8FB3E2-6EA1-409D-9203-759B8DF8DE04}
		{9CFEFF7F-9296-47A4-870F-5C9BCCF6F404} = {ADA1154B-EB97-416C-83D9-311DCD930878}
		{7F505429-6DF4-491C-9D6F-D13B21DA2FB5} = {ADA1154B-EB97-416C-83D9-311DCD930878}
		{8618ECF0-F6C3-4DE7-963D-571E70FFCC30} = {ADA1154B-EB97-416C-83D9-311DCD930878}
		{62099F32-5180-493B-B2FC-7A7EB444352C} = {A3B3ECE4-1460-492F-A1DC-12743620E994}
		{64055A53-5A80-4F60-8BE9-691E0D022CD2} = {AD7BC4B2-44F3-44F5-B905-EEC26DBD486D}
		{73916381-D31A-4578-B452-10ABAE31AC0E} = {9CFEFF7F-9296-47A4-870F-5C9BCCF6F404}
		{2A42D761-8593-40B0-B759-3347BF5E8978} = {9CFEFF7F-9296-47A4-870F-5C9BCCF6F404}
		{3BC710B5-1519-4251-A583-03B6B8E56A95} = {7F505429-6DF4-491C-9D6F-D13B21DA2FB5}
		{785E06D9-49C0-43A2-B107-57C006305308} = {8618ECF0-F6C3-4DE7-963D-571E70FFCC30}
		{0D8A7369-1C81-45C4-83E3-B1FD29A40C07} = {D3A9B0F7-EDA1-418F-8102-BEA37CCF886C}
		{C6AFC7BC-98C5-4DE6-93A6-7469CC8D82AB} = {D3A9B0F7-EDA1-418F-8102-BEA37CCF886C}
		{20107630-DCB5-48C9-8A9E-344AF7CAA109} = {D3A9B0F7-EDA1-418F-8102-BEA37CCF886C}
		{AAE95CAF-F94B-4FBD-B8F2-0875FDEDF07D} = {62099F32-5180-493B-B2FC-7A7EB444352C}
	EndGlobalSection
	GlobalSection(ExtensibilityGlobals) = postSolution
		SolutionGuid = {86EF1383-F3BC-40BA-B26E-A430E852AC60}
	EndGlobalSection
EndGlobal
